// !$*UTF8*$!
{
	archiveVersion = 1;
	classes = {
	};
	objectVersion = 46;
	objects = {

/* Begin PBXBuildFile section */
		A6EC18DC1EFCB39F00BC7CD2 /* main.m in Sources */ = {isa = PBXBuildFile; fileRef = A6EC18DB1EFCB39F00BC7CD2 /* main.m */; };
		A6EC18DF1EFCB39F00BC7CD2 /* AppDelegate.m in Sources */ = {isa = PBXBuildFile; fileRef = A6EC18DE1EFCB39F00BC7CD2 /* AppDelegate.m */; };
		A6EC18E21EFCB39F00BC7CD2 /* ViewController.m in Sources */ = {isa = PBXBuildFile; fileRef = A6EC18E11EFCB39F00BC7CD2 /* ViewController.m */; };
		A6EC18E51EFCB39F00BC7CD2 /* Main.storyboard in Resources */ = {isa = PBXBuildFile; fileRef = A6EC18E31EFCB39F00BC7CD2 /* Main.storyboard */; };
		A6EC18E71EFCB39F00BC7CD2 /* Assets.xcassets in Resources */ = {isa = PBXBuildFile; fileRef = A6EC18E61EFCB39F00BC7CD2 /* Assets.xcassets */; };
		A6EC18EA1EFCB39F00BC7CD2 /* LaunchScreen.storyboard in Resources */ = {isa = PBXBuildFile; fileRef = A6EC18E81EFCB39F00BC7CD2 /* LaunchScreen.storyboard */; };
		A6EC18F51EFCB39F00BC7CD2 /* demoTests.m in Sources */ = {isa = PBXBuildFile; fileRef = A6EC18F41EFCB39F00BC7CD2 /* demoTests.m */; };
		A6EC19001EFCB3A000BC7CD2 /* demoUITests.m in Sources */ = {isa = PBXBuildFile; fileRef = A6EC18FF1EFCB3A000BC7CD2 /* demoUITests.m */; };
		A6EC190F1EFCB3BD00BC7CD2 /* DemoViewController.m in Sources */ = {isa = PBXBuildFile; fileRef = A6EC190E1EFCB3BD00BC7CD2 /* DemoViewController.m */; };
		A6EC19121EFCB3E800BC7CD2 /* AViewController.m in Sources */ = {isa = PBXBuildFile; fileRef = A6EC19111EFCB3E800BC7CD2 /* AViewController.m */; };
		A6EC19151EFCB3F600BC7CD2 /* BViewController.m in Sources */ = {isa = PBXBuildFile; fileRef = A6EC19141EFCB3F600BC7CD2 /* BViewController.m */; };
		A6EC19181EFCB59200BC7CD2 /* UIView+FJExtension.m in Sources */ = {isa = PBXBuildFile; fileRef = A6EC19171EFCB59200BC7CD2 /* UIView+FJExtension.m */; };
/* End PBXBuildFile section */

/* Begin PBXContainerItemProxy section */
		A6EC18F11EFCB39F00BC7CD2 /* PBXContainerItemProxy */ = {
			isa = PBXContainerItemProxy;
			containerPortal = A6EC18CF1EFCB39F00BC7CD2 /* Project object */;
			proxyType = 1;
			remoteGlobalIDString = A6EC18D61EFCB39F00BC7CD2;
			remoteInfo = demo;
		};
		A6EC18FC1EFCB39F00BC7CD2 /* PBXContainerItemProxy */ = {
			isa = PBXContainerItemProxy;
			containerPortal = A6EC18CF1EFCB39F00BC7CD2 /* Project object */;
			proxyType = 1;
			remoteGlobalIDString = A6EC18D61EFCB39F00BC7CD2;
			remoteInfo = demo;
		};
/* End PBXContainerItemProxy section */

/* Begin PBXFileReference section */
		A6EC18D71EFCB39F00BC7CD2 /* demo.app */ = {isa = PBXFileReference; explicitFileType = wrapper.application; includeInIndex = 0; path = demo.app; sourceTree = BUILT_PRODUCTS_DIR; };
		A6EC18DB1EFCB39F00BC7CD2 /* main.m */ = {isa = PBXFileReference; lastKnownFileType = sourcecode.c.objc; path = main.m; sourceTree = "<group>"; };
		A6EC18DD1EFCB39F00BC7CD2 /* AppDelegate.h */ = {isa = PBXFileReference; lastKnownFileType = sourcecode.c.h; path = AppDelegate.h; sourceTree = "<group>"; };
		A6EC18DE1EFCB39F00BC7CD2 /* AppDelegate.m */ = {isa = PBXFileReference; lastKnownFileType = sourcecode.c.objc; path = AppDelegate.m; sourceTree = "<group>"; };
		A6EC18E01EFCB39F00BC7CD2 /* ViewController.h */ = {isa = PBXFileReference; lastKnownFileType = sourcecode.c.h; path = ViewController.h; sourceTree = "<group>"; };
		A6EC18E11EFCB39F00BC7CD2 /* ViewController.m */ = {isa = PBXFileReference; lastKnownFileType = sourcecode.c.objc; path = ViewController.m; sourceTree = "<group>"; };
		A6EC18E41EFCB39F00BC7CD2 /* Base */ = {isa = PBXFileReference; lastKnownFileType = file.storyboard; name = Base; path = Base.lproj/Main.storyboard; sourceTree = "<group>"; };
		A6EC18E61EFCB39F00BC7CD2 /* Assets.xcassets */ = {isa = PBXFileReference; lastKnownFileType = folder.assetcatalog; path = Assets.xcassets; sourceTree = "<group>"; };
		A6EC18E91EFCB39F00BC7CD2 /* Base */ = {isa = PBXFileReference; lastKnownFileType = file.storyboard; name = Base; path = Base.lproj/LaunchScreen.storyboard; sourceTree = "<group>"; };
		A6EC18EB1EFCB39F00BC7CD2 /* Info.plist */ = {isa = PBXFileReference; lastKnownFileType = text.plist.xml; path = Info.plist; sourceTree = "<group>"; };
		A6EC18F01EFCB39F00BC7CD2 /* demoTests.xctest */ = {isa = PBXFileReference; explicitFileType = wrapper.cfbundle; includeInIndex = 0; path = demoTests.xctest; sourceTree = BUILT_PRODUCTS_DIR; };
		A6EC18F41EFCB39F00BC7CD2 /* demoTests.m */ = {isa = PBXFileReference; lastKnownFileType = sourcecode.c.objc; path = demoTests.m; sourceTree = "<group>"; };
		A6EC18F61EFCB39F00BC7CD2 /* Info.plist */ = {isa = PBXFileReference; lastKnownFileType = text.plist.xml; path = Info.plist; sourceTree = "<group>"; };
		A6EC18FB1EFCB39F00BC7CD2 /* demoUITests.xctest */ = {isa = PBXFileReference; explicitFileType = wrapper.cfbundle; includeInIndex = 0; path = demoUITests.xctest; sourceTree = BUILT_PRODUCTS_DIR; };
		A6EC18FF1EFCB3A000BC7CD2 /* demoUITests.m */ = {isa = PBXFileReference; lastKnownFileType = sourcecode.c.objc; path = demoUITests.m; sourceTree = "<group>"; };
		A6EC19011EFCB3A000BC7CD2 /* Info.plist */ = {isa = PBXFileReference; lastKnownFileType = text.plist.xml; path = Info.plist; sourceTree = "<group>"; };
		A6EC190D1EFCB3BD00BC7CD2 /* DemoViewController.h */ = {isa = PBXFileReference; fileEncoding = 4; lastKnownFileType = sourcecode.c.h; path = DemoViewController.h; sourceTree = "<group>"; };
		A6EC190E1EFCB3BD00BC7CD2 /* DemoViewController.m */ = {isa = PBXFileReference; fileEncoding = 4; lastKnownFileType = sourcecode.c.objc; path = DemoViewController.m; sourceTree = "<group>"; };
		A6EC19101EFCB3E800BC7CD2 /* AViewController.h */ = {isa = PBXFileReference; fileEncoding = 4; lastKnownFileType = sourcecode.c.h; path = AViewController.h; sourceTree = "<group>"; };
		A6EC19111EFCB3E800BC7CD2 /* AViewController.m */ = {isa = PBXFileReference; fileEncoding = 4; lastKnownFileType = sourcecode.c.objc; path = AViewController.m; sourceTree = "<group>"; };
		A6EC19131EFCB3F600BC7CD2 /* BViewController.h */ = {isa = PBXFileReference; fileEncoding = 4; lastKnownFileType = sourcecode.c.h; path = BViewController.h; sourceTree = "<group>"; };
		A6EC19141EFCB3F600BC7CD2 /* BViewController.m */ = {isa = PBXFileReference; fileEncoding = 4; lastKnownFileType = sourcecode.c.objc; path = BViewController.m; sourceTree = "<group>"; };
		A6EC19161EFCB59200BC7CD2 /* UIView+FJExtension.h */ = {isa = PBXFileReference; fileEncoding = 4; lastKnownFileType = sourcecode.c.h; path = "UIView+FJExtension.h"; sourceTree = "<group>"; };
		A6EC19171EFCB59200BC7CD2 /* UIView+FJExtension.m */ = {isa = PBXFileReference; fileEncoding = 4; lastKnownFileType = sourcecode.c.objc; path = "UIView+FJExtension.m"; sourceTree = "<group>"; };
/* End PBXFileReference section */

/* Begin PBXFrameworksBuildPhase section */
		A6EC18D41EFCB39F00BC7CD2 /* Frameworks */ = {
			isa = PBXFrameworksBuildPhase;
			buildActionMask = 2147483647;
			files = (
			);
			runOnlyForDeploymentPostprocessing = 0;
		};
		A6EC18ED1EFCB39F00BC7CD2 /* Frameworks */ = {
			isa = PBXFrameworksBuildPhase;
			buildActionMask = 2147483647;
			files = (
			);
			runOnlyForDeploymentPostprocessing = 0;
		};
		A6EC18F81EFCB39F00BC7CD2 /* Frameworks */ = {
			isa = PBXFrameworksBuildPhase;
			buildActionMask = 2147483647;
			files = (
			);
			runOnlyForDeploymentPostprocessing = 0;
		};
/* End PBXFrameworksBuildPhase section */

/* Begin PBXGroup section */
		A6EC18CE1EFCB39F00BC7CD2 = {
			isa = PBXGroup;
			children = (
				A6EC18D91EFCB39F00BC7CD2 /* demo */,
				A6EC18F31EFCB39F00BC7CD2 /* demoTests */,
				A6EC18FE1EFCB39F00BC7CD2 /* demoUITests */,
				A6EC18D81EFCB39F00BC7CD2 /* Products */,
			);
			sourceTree = "<group>";
		};
		A6EC18D81EFCB39F00BC7CD2 /* Products */ = {
			isa = PBXGroup;
			children = (
				A6EC18D71EFCB39F00BC7CD2 /* demo.app */,
				A6EC18F01EFCB39F00BC7CD2 /* demoTests.xctest */,
				A6EC18FB1EFCB39F00BC7CD2 /* demoUITests.xctest */,
			);
			name = Products;
			sourceTree = "<group>";
		};
		A6EC18D91EFCB39F00BC7CD2 /* demo */ = {
			isa = PBXGroup;
			children = (
				A6EC18DD1EFCB39F00BC7CD2 /* AppDelegate.h */,
				A6EC18DE1EFCB39F00BC7CD2 /* AppDelegate.m */,
				A6EC19161EFCB59200BC7CD2 /* UIView+FJExtension.h */,
				A6EC19171EFCB59200BC7CD2 /* UIView+FJExtension.m */,
				A6EC18E01EFCB39F00BC7CD2 /* ViewController.h */,
				A6EC18E11EFCB39F00BC7CD2 /* ViewController.m */,
				A6EC190D1EFCB3BD00BC7CD2 /* DemoViewController.h */,
				A6EC190E1EFCB3BD00BC7CD2 /* DemoViewController.m */,
				A6EC19101EFCB3E800BC7CD2 /* AViewController.h */,
				A6EC19111EFCB3E800BC7CD2 /* AViewController.m */,
				A6EC19131EFCB3F600BC7CD2 /* BViewController.h */,
				A6EC19141EFCB3F600BC7CD2 /* BViewController.m */,
				A6EC18E31EFCB39F00BC7CD2 /* Main.storyboard */,
				A6EC18E61EFCB39F00BC7CD2 /* Assets.xcassets */,
				A6EC18E81EFCB39F00BC7CD2 /* LaunchScreen.storyboard */,
				A6EC18EB1EFCB39F00BC7CD2 /* Info.plist */,
				A6EC18DA1EFCB39F00BC7CD2 /* Supporting Files */,
			);
			path = demo;
			sourceTree = "<group>";
		};
		A6EC18DA1EFCB39F00BC7CD2 /* Supporting Files */ = {
			isa = PBXGroup;
			children = (
				A6EC18DB1EFCB39F00BC7CD2 /* main.m */,
			);
			name = "Supporting Files";
			sourceTree = "<group>";
		};
		A6EC18F31EFCB39F00BC7CD2 /* demoTests */ = {
			isa = PBXGroup;
			children = (
				A6EC18F41EFCB39F00BC7CD2 /* demoTests.m */,
				A6EC18F61EFCB39F00BC7CD2 /* Info.plist */,
			);
			path = demoTests;
			sourceTree = "<group>";
		};
		A6EC18FE1EFCB39F00BC7CD2 /* demoUITests */ = {
			isa = PBXGroup;
			children = (
				A6EC18FF1EFCB3A000BC7CD2 /* demoUITests.m */,
				A6EC19011EFCB3A000BC7CD2 /* Info.plist */,
			);
			path = demoUITests;
			sourceTree = "<group>";
		};
/* End PBXGroup section */

/* Begin PBXNativeTarget section */
		A6EC18D61EFCB39F00BC7CD2 /* demo */ = {
			isa = PBXNativeTarget;
			buildConfigurationList = A6EC19041EFCB3A000BC7CD2 /* Build configuration list for PBXNativeTarget "demo" */;
			buildPhases = (
				A6EC18D31EFCB39F00BC7CD2 /* Sources */,
				A6EC18D41EFCB39F00BC7CD2 /* Frameworks */,
				A6EC18D51EFCB39F00BC7CD2 /* Resources */,
			);
			buildRules = (
			);
			dependencies = (
			);
			name = demo;
			productName = demo;
			productReference = A6EC18D71EFCB39F00BC7CD2 /* demo.app */;
			productType = "com.apple.product-type.application";
		};
		A6EC18EF1EFCB39F00BC7CD2 /* demoTests */ = {
			isa = PBXNativeTarget;
			buildConfigurationList = A6EC19071EFCB3A000BC7CD2 /* Build configuration list for PBXNativeTarget "demoTests" */;
			buildPhases = (
				A6EC18EC1EFCB39F00BC7CD2 /* Sources */,
				A6EC18ED1EFCB39F00BC7CD2 /* Frameworks */,
				A6EC18EE1EFCB39F00BC7CD2 /* Resources */,
			);
			buildRules = (
			);
			dependencies = (
				A6EC18F21EFCB39F00BC7CD2 /* PBXTargetDependency */,
			);
			name = demoTests;
			productName = demoTests;
			productReference = A6EC18F01EFCB39F00BC7CD2 /* demoTests.xctest */;
			productType = "com.apple.product-type.bundle.unit-test";
		};
		A6EC18FA1EFCB39F00BC7CD2 /* demoUITests */ = {
			isa = PBXNativeTarget;
			buildConfigurationList = A6EC190A1EFCB3A000BC7CD2 /* Build configuration list for PBXNativeTarget "demoUITests" */;
			buildPhases = (
				A6EC18F71EFCB39F00BC7CD2 /* Sources */,
				A6EC18F81EFCB39F00BC7CD2 /* Frameworks */,
				A6EC18F91EFCB39F00BC7CD2 /* Resources */,
			);
			buildRules = (
			);
			dependencies = (
				A6EC18FD1EFCB39F00BC7CD2 /* PBXTargetDependency */,
			);
			name = demoUITests;
			productName = demoUITests;
			productReference = A6EC18FB1EFCB39F00BC7CD2 /* demoUITests.xctest */;
			productType = "com.apple.product-type.bundle.ui-testing";
		};
/* End PBXNativeTarget section */

/* Begin PBXProject section */
		A6EC18CF1EFCB39F00BC7CD2 /* Project object */ = {
			isa = PBXProject;
			attributes = {
				LastUpgradeCheck = 0830;
				ORGANIZATIONNAME = GF;
				TargetAttributes = {
					A6EC18D61EFCB39F00BC7CD2 = {
						CreatedOnToolsVersion = 8.3.3;
						DevelopmentTeam = DLSTAU5U4Y;
						ProvisioningStyle = Automatic;
					};
					A6EC18EF1EFCB39F00BC7CD2 = {
						CreatedOnToolsVersion = 8.3.3;
						DevelopmentTeam = DLSTAU5U4Y;
						ProvisioningStyle = Automatic;
						TestTargetID = A6EC18D61EFCB39F00BC7CD2;
					};
					A6EC18FA1EFCB39F00BC7CD2 = {
						CreatedOnToolsVersion = 8.3.3;
						DevelopmentTeam = DLSTAU5U4Y;
						ProvisioningStyle = Automatic;
						TestTargetID = A6EC18D61EFCB39F00BC7CD2;
					};
				};
			};
			buildConfigurationList = A6EC18D21EFCB39F00BC7CD2 /* Build configuration list for PBXProject "demo" */;
			compatibilityVersion = "Xcode 3.2";
			developmentRegion = English;
			hasScannedForEncodings = 0;
			knownRegions = (
				en,
				Base,
			);
			mainGroup = A6EC18CE1EFCB39F00BC7CD2;
			productRefGroup = A6EC18D81EFCB39F00BC7CD2 /* Products */;
			projectDirPath = "";
			projectRoot = "";
			targets = (
				A6EC18D61EFCB39F00BC7CD2 /* demo */,
				A6EC18EF1EFCB39F00BC7CD2 /* demoTests */,
				A6EC18FA1EFCB39F00BC7CD2 /* demoUITests */,
			);
		};
/* End PBXProject section */

/* Begin PBXResourcesBuildPhase section */
		A6EC18D51EFCB39F00BC7CD2 /* Resources */ = {
			isa = PBXResourcesBuildPhase;
			buildActionMask = 2147483647;
			files = (
				A6EC18EA1EFCB39F00BC7CD2 /* LaunchScreen.storyboard in Resources */,
				A6EC18E71EFCB39F00BC7CD2 /* Assets.xcassets in Resources */,
				A6EC18E51EFCB39F00BC7CD2 /* Main.storyboard in Resources */,
			);
			runOnlyForDeploymentPostprocessing = 0;
		};
		A6EC18EE1EFCB39F00BC7CD2 /* Resources */ = {
			isa = PBXResourcesBuildPhase;
			buildActionMask = 2147483647;
			files = (
			);
			runOnlyForDeploymentPostprocessing = 0;
		};
		A6EC18F91EFCB39F00BC7CD2 /* Resources */ = {
			isa = PBXResourcesBuildPhase;
			buildActionMask = 2147483647;
			files = (
			);
			runOnlyForDeploymentPostprocessing = 0;
		};
/* End PBXResourcesBuildPhase section */

/* Begin PBXSourcesBuildPhase section */
		A6EC18D31EFCB39F00BC7CD2 /* Sources */ = {
			isa = PBXSourcesBuildPhase;
			buildActionMask = 2147483647;
			files = (
				A6EC18E21EFCB39F00BC7CD2 /* ViewController.m in Sources */,
				A6EC19151EFCB3F600BC7CD2 /* BViewController.m in Sources */,
				A6EC19121EFCB3E800BC7CD2 /* AViewController.m in Sources */,
				A6EC18DF1EFCB39F00BC7CD2 /* AppDelegate.m in Sources */,
				A6EC19181EFCB59200BC7CD2 /* UIView+FJExtension.m in Sources */,
				A6EC18DC1EFCB39F00BC7CD2 /* main.m in Sources */,
				A6EC190F1EFCB3BD00BC7CD2 /* DemoViewController.m in Sources */,
			);
			runOnlyForDeploymentPostprocessing = 0;
		};
		A6EC18EC1EFCB39F00BC7CD2 /* Sources */ = {
			isa = PBXSourcesBuildPhase;
			buildActionMask = 2147483647;
			files = (
				A6EC18F51EFCB39F00BC7CD2 /* demoTests.m in Sources */,
			);
			runOnlyForDeploymentPostprocessing = 0;
		};
		A6EC18F71EFCB39F00BC7CD2 /* Sources */ = {
			isa = PBXSourcesBuildPhase;
			buildActionMask = 2147483647;
			files = (
				A6EC19001EFCB3A000BC7CD2 /* demoUITests.m in Sources */,
			);
			runOnlyForDeploymentPostprocessing = 0;
		};
/* End PBXSourcesBuildPhase section */

/* Begin PBXTargetDependency section */
		A6EC18F21EFCB39F00BC7CD2 /* PBXTargetDependency */ = {
			isa = PBXTargetDependency;
			target = A6EC18D61EFCB39F00BC7CD2 /* demo */;
			targetProxy = A6EC18F11EFCB39F00BC7CD2 /* PBXContainerItemProxy */;
		};
		A6EC18FD1EFCB39F00BC7CD2 /* PBXTargetDependency */ = {
			isa = PBXTargetDependency;
			target = A6EC18D61EFCB39F00BC7CD2 /* demo */;
			targetProxy = A6EC18FC1EFCB39F00BC7CD2 /* PBXContainerItemProxy */;
		};
/* End PBXTargetDependency section */

/* Begin PBXVariantGroup section */
		A6EC18E31EFCB39F00BC7CD2 /* Main.storyboard */ = {
			isa = PBXVariantGroup;
			children = (
				A6EC18E41EFCB39F00BC7CD2 /* Base */,
			);
			name = Main.storyboard;
			sourceTree = "<group>";
		};
		A6EC18E81EFCB39F00BC7CD2 /* LaunchScreen.storyboard */ = {
			isa = PBXVariantGroup;
			children = (
				A6EC18E91EFCB39F00BC7CD2 /* Base */,
			);
			name = LaunchScreen.storyboard;
			sourceTree = "<group>";
		};
/* End PBXVariantGroup section */

/* Begin XCBuildConfiguration section */
		A6EC19021EFCB3A000BC7CD2 /* Debug */ = {
			isa = XCBuildConfiguration;
			buildSettings = {
				ALWAYS_SEARCH_USER_PATHS = NO;
				CLANG_ANALYZER_NONNULL = YES;
				CLANG_ANALYZER_NUMBER_OBJECT_CONVERSION = YES_AGGRESSIVE;
				CLANG_CXX_LANGUAGE_STANDARD = "gnu++0x";
				CLANG_CXX_LIBRARY = "libc++";
				CLANG_ENABLE_MODULES = YES;
				CLANG_ENABLE_OBJC_ARC = YES;
				CLANG_WARN_BOOL_CONVERSION = YES;
				CLANG_WARN_CONSTANT_CONVERSION = YES;
				CLANG_WARN_DIRECT_OBJC_ISA_USAGE = YES_ERROR;
				CLANG_WARN_DOCUMENTATION_COMMENTS = YES;
				CLANG_WARN_EMPTY_BODY = YES;
				CLANG_WARN_ENUM_CONVERSION = YES;
				CLANG_WARN_INFINITE_RECURSION = YES;
				CLANG_WARN_INT_CONVERSION = YES;
				CLANG_WARN_OBJC_ROOT_CLASS = YES_ERROR;
				CLANG_WARN_SUSPICIOUS_MOVE = YES;
				CLANG_WARN_UNREACHABLE_CODE = YES;
				CLANG_WARN__DUPLICATE_METHOD_MATCH = YES;
				"CODE_SIGN_IDENTITY[sdk=iphoneos*]" = "iPhone Developer";
				COPY_PHASE_STRIP = NO;
				DEBUG_INFORMATION_FORMAT = dwarf;
				ENABLE_STRICT_OBJC_MSGSEND = YES;
				ENABLE_TESTABILITY = YES;
				GCC_C_LANGUAGE_STANDARD = gnu99;
				GCC_DYNAMIC_NO_PIC = NO;
				GCC_NO_COMMON_BLOCKS = YES;
				GCC_OPTIMIZATION_LEVEL = 0;
				GCC_PREPROCESSOR_DEFINITIONS = (
					"DEBUG=1",
					"$(inherited)",
				);
				GCC_WARN_64_TO_32_BIT_CONVERSION = YES;
				GCC_WARN_ABOUT_RETURN_TYPE = YES_ERROR;
				GCC_WARN_UNDECLARED_SELECTOR = YES;
				GCC_WARN_UNINITIALIZED_AUTOS = YES_AGGRESSIVE;
				GCC_WARN_UNUSED_FUNCTION = YES;
				GCC_WARN_UNUSED_VARIABLE = YES;
				IPHONEOS_DEPLOYMENT_TARGET = 10.3;
				MTL_ENABLE_DEBUG_INFO = YES;
				ONLY_ACTIVE_ARCH = YES;
				SDKROOT = iphoneos;
				TARGETED_DEVICE_FAMILY = "1,2";
			};
			name = Debug;
		};
		A6EC19031EFCB3A000BC7CD2 /* Release */ = {
			isa = XCBuildConfiguration;
			buildSettings = {
				ALWAYS_SEARCH_USER_PATHS = NO;
				CLANG_ANALYZER_NONNULL = YES;
				CLANG_ANALYZER_NUMBER_OBJECT_CONVERSION = YES_AGGRESSIVE;
				CLANG_CXX_LANGUAGE_STANDARD = "gnu++0x";
				CLANG_CXX_LIBRARY = "libc++";
				CLANG_ENABLE_MODULES = YES;
				CLANG_ENABLE_OBJC_ARC = YES;
				CLANG_WARN_BOOL_CONVERSION = YES;
				CLANG_WARN_CONSTANT_CONVERSION = YES;
				CLANG_WARN_DIRECT_OBJC_ISA_USAGE = YES_ERROR;
				CLANG_WARN_DOCUMENTATION_COMMENTS = YES;
				CLANG_WARN_EMPTY_BODY = YES;
				CLANG_WARN_ENUM_CONVERSION = YES;
				CLANG_WARN_INFINITE_RECURSION = YES;
				CLANG_WARN_INT_CONVERSION = YES;
				CLANG_WARN_OBJC_ROOT_CLASS = YES_ERROR;
				CLANG_WARN_SUSPICIOUS_MOVE = YES;
				CLANG_WARN_UNREACHABLE_CODE = YES;
				CLANG_WARN__DUPLICATE_METHOD_MATCH = YES;
				"CODE_SIGN_IDENTITY[sdk=iphoneos*]" = "iPhone Developer";
				COPY_PHASE_STRIP = NO;
				DEBUG_INFORMATION_FORMAT = "dwarf-with-dsym";
				ENABLE_NS_ASSERTIONS = NO;
				ENABLE_STRICT_OBJC_MSGSEND = YES;
				GCC_C_LANGUAGE_STANDARD = gnu99;
				GCC_NO_COMMON_BLOCKS = YES;
				GCC_WARN_64_TO_32_BIT_CONVERSION = YES;
				GCC_WARN_ABOUT_RETURN_TYPE = YES_ERROR;
				GCC_WARN_UNDECLARED_SELECTOR = YES;
				GCC_WARN_UNINITIALIZED_AUTOS = YES_AGGRESSIVE;
				GCC_WARN_UNUSED_FUNCTION = YES;
				GCC_WARN_UNUSED_VARIABLE = YES;
				IPHONEOS_DEPLOYMENT_TARGET = 10.3;
				MTL_ENABLE_DEBUG_INFO = NO;
				SDKROOT = iphoneos;
				TARGETED_DEVICE_FAMILY = "1,2";
				VALIDATE_PRODUCT = YES;
			};
			name = Release;
		};
		A6EC19051EFCB3A000BC7CD2 /* Debug */ = {
			isa = XCBuildConfiguration;
			buildSettings = {
				ASSETCATALOG_COMPILER_APPICON_NAME = AppIcon;
				DEVELOPMENT_TEAM = DLSTAU5U4Y;
				INFOPLIST_FILE = demo/Info.plist;
				LD_RUNPATH_SEARCH_PATHS = "$(inherited) @executable_path/Frameworks";
				PRODUCT_BUNDLE_IDENTIFIER = com.goodfamily.demo;
				PRODUCT_NAME = "$(TARGET_NAME)";
			};
			name = Debug;
		};
		A6EC19061EFCB3A000BC7CD2 /* Release */ = {
			isa = XCBuildConfiguration;
			buildSettings = {
				ASSETCATALOG_COMPILER_APPICON_NAME = AppIcon;
				DEVELOPMENT_TEAM = DLSTAU5U4Y;
				INFOPLIST_FILE = demo/Info.plist;
				LD_RUNPATH_SEARCH_PATHS = "$(inherited) @executable_path/Frameworks";
				PRODUCT_BUNDLE_IDENTIFIER = com.goodfamily.demo;
				PRODUCT_NAME = "$(TARGET_NAME)";
			};
			name = Release;
		};
		A6EC19081EFCB3A000BC7CD2 /* Debug */ = {
			isa = XCBuildConfiguration;
			buildSettings = {
				BUNDLE_LOADER = "$(TEST_HOST)";
				DEVELOPMENT_TEAM = DLSTAU5U4Y;
				INFOPLIST_FILE = demoTests/Info.plist;
				LD_RUNPATH_SEARCH_PATHS = "$(inherited) @executable_path/Frameworks @loader_path/Frameworks";
				PRODUCT_BUNDLE_IDENTIFIER = com.goodfamily.demoTests;
				PRODUCT_NAME = "$(TARGET_NAME)";
				TEST_HOST = "$(BUILT_PRODUCTS_DIR)/demo.app/demo";
			};
			name = Debug;
		};
		A6EC19091EFCB3A000BC7CD2 /* Release */ = {
			isa = XCBuildConfiguration;
			buildSettings = {
				BUNDLE_LOADER = "$(TEST_HOST)";
				DEVELOPMENT_TEAM = DLSTAU5U4Y;
				INFOPLIST_FILE = demoTests/Info.plist;
				LD_RUNPATH_SEARCH_PATHS = "$(inherited) @executable_path/Frameworks @loader_path/Frameworks";
				PRODUCT_BUNDLE_IDENTIFIER = com.goodfamily.demoTests;
				PRODUCT_NAME = "$(TARGET_NAME)";
				TEST_HOST = "$(BUILT_PRODUCTS_DIR)/demo.app/demo";
			};
			name = Release;
		};
		A6EC190B1EFCB3A000BC7CD2 /* Debug */ = {
			isa = XCBuildConfiguration;
			buildSettings = {
				DEVELOPMENT_TEAM = DLSTAU5U4Y;
				INFOPLIST_FILE = demoUITests/Info.plist;
				LD_RUNPATH_SEARCH_PATHS = "$(inherited) @executable_path/Frameworks @loader_path/Frameworks";
				PRODUCT_BUNDLE_IDENTIFIER = com.goodfamily.demoUITests;
				PRODUCT_NAME = "$(TARGET_NAME)";
				TEST_TARGET_NAME = demo;
			};
			name = Debug;
		};
		A6EC190C1EFCB3A000BC7CD2 /* Release */ = {
			isa = XCBuildConfiguration;
			buildSettings = {
				DEVELOPMENT_TEAM = DLSTAU5U4Y;
				INFOPLIST_FILE = demoUITests/Info.plist;
				LD_RUNPATH_SEARCH_PATHS = "$(inherited) @executable_path/Frameworks @loader_path/Frameworks";
				PRODUCT_BUNDLE_IDENTIFIER = com.goodfamily.demoUITests;
				PRODUCT_NAME = "$(TARGET_NAME)";
				TEST_TARGET_NAME = demo;
			};
			name = Release;
		};
/* End XCBuildConfiguration section */

/* Begin XCConfigurationList section */
		A6EC18D21EFCB39F00BC7CD2 /* Build configuration list for PBXProject "demo" */ = {
			isa = XCConfigurationList;
			buildConfigurations = (
				A6EC19021EFCB3A000BC7CD2 /* Debug */,
				A6EC19031EFCB3A000BC7CD2 /* Release */,
			);
			defaultConfigurationIsVisible = 0;
			defaultConfigurationName = Release;
		};
		A6EC19041EFCB3A000BC7CD2 /* Build configuration list for PBXNativeTarget "demo" */ = {
			isa = XCConfigurationList;
			buildConfigurations = (
				A6EC19051EFCB3A000BC7CD2 /* Debug */,
				A6EC19061EFCB3A000BC7CD2 /* Release */,
			);
			defaultConfigurationIsVisible = 0;
		};
		A6EC19071EFCB3A000BC7CD2 /* Build configuration list for PBXNativeTarget "demoTests" */ = {
			isa = XCConfigurationList;
			buildConfigurations = (
				A6EC19081EFCB3A000BC7CD2 /* Debug */,
				A6EC19091EFCB3A000BC7CD2 /* Release */,
			);
			defaultConfigurationIsVisible = 0;
		};
		A6EC190A1EFCB3A000BC7CD2 /* Build configuration list for PBXNativeTarget "demoUITests" */ = {
			isa = XCConfigurationList;
			buildConfigurations = (
				A6EC190B1EFCB3A000BC7CD2 /* Debug */,
				A6EC190C1EFCB3A000BC7CD2 /* Release */,
			);
			defaultConfigurationIsVisible = 0;
		};
/* End XCConfigurationList section */
	};
	rootObject = A6EC18CF1EFCB39F00BC7CD2 /* Project object */;
}
